
Microsoft Visual Studio Solution File, Format Version 12.00
# Visual Studio 15
VisualStudioVersion = 15.0.28307.271
MinimumVisualStudioVersion = 10.0.40219.1
Project("{FAE04EC0-301F-11D3-BF4B-00C04F79EFBC}") = "PredictionApi", "PredictionApi\PredictionApi.csproj", "{A258408C-7C7D-468A-A31F-F0BF65CC933E}"
EndProject
Global
	GlobalSection(SolutionConfigurationPlatforms) = preSolution
		Debug|Any CPU = Debug|Any CPU
		Release|Any CPU = Release|Any CPU
	EndGlobalSection
	GlobalSection(ProjectConfigurationPlatforms) = postSolution
		{A258408C-7C7D-468A-A31F-F0BF65CC933E}.Debug|Any CPU.ActiveCfg = Debug|Any CPU
		{A258408C-7C7D-468A-A31F-F0BF65CC933E}.Debug|Any CPU.Build.0 = Debug|Any CPU
		{A258408C-7C7D-468A-A31F-F0BF65CC933E}.Release|Any CPU.ActiveCfg = Release|Any CPU
		{A258408C-7C7D-468A-A31F-F0BF65CC933E}.Release|Any CPU.Build.0 = Release|Any CPU
	EndGlobalSection
	GlobalSection(SolutionProperties) = preSolution
		HideSolutionNode = FALSE
	EndGlobalSection
	GlobalSection(ExtensibilityGlobals) = postSolution
		SolutionGuid = {61FE6871-6FED-4E6F-988A-BE1B0F57D4EC}
	EndGlobalSection
EndGlobal
